{
  "version": 4,
  "terraform_version": "1.0.11",
  "serial": 4,
  "lineage": "86b5bc1b-cf0d-9bae-e024-87223ed9093c",
  "outputs": {
    "control_plane_ips": {
      "value": [
        null,
        null,
        null
      ],
      "type": [
        "tuple",
        [
          "string",
          "string",
          "string"
        ]
      ]
    },
    "control_plane_moids": {
      "value": [
        "vm-91724",
        "vm-91723",
        "vm-91722"
      ],
      "type": [
        "tuple",
        [
          "string",
          "string",
          "string"
        ]
      ]
    }
  },
  "resources": [
    {
      "mode": "data",
      "type": "vsphere_datacenter",
      "name": "datacenter",
      "provider": "provider[\"openshift/local/vsphere\"]",
      "instances": [
        {
          "index_key": 0,
          "schema_version": 0,
          "attributes": {
            "id": "datacenter-2",
            "name": "SHB Finance DC"
          },
          "sensitive_attributes": []
        },
        {
          "index_key": 1,
          "schema_version": 0,
          "attributes": {
            "id": "datacenter-2",
            "name": "SHB Finance DC"
          },
          "sensitive_attributes": []
        },
        {
          "index_key": 2,
          "schema_version": 0,
          "attributes": {
            "id": "datacenter-2",
            "name": "SHB Finance DC"
          },
          "sensitive_attributes": []
        }
      ]
    },
    {
      "mode": "data",
      "type": "vsphere_datastore",
      "name": "datastore",
      "provider": "provider[\"openshift/local/vsphere\"]",
      "instances": [
        {
          "index_key": 0,
          "schema_version": 0,
          "attributes": {
            "datacenter_id": "datacenter-2",
            "id": "datastore-91579",
            "name": "/SHB Finance DC/datastore/FC24"
          },
          "sensitive_attributes": []
        },
        {
          "index_key": 1,
          "schema_version": 0,
          "attributes": {
            "datacenter_id": "datacenter-2",
            "id": "datastore-91579",
            "name": "/SHB Finance DC/datastore/FC24"
          },
          "sensitive_attributes": []
        },
        {
          "index_key": 2,
          "schema_version": 0,
          "attributes": {
            "datacenter_id": "datacenter-2",
            "id": "datastore-91579",
            "name": "/SHB Finance DC/datastore/FC24"
          },
          "sensitive_attributes": []
        }
      ]
    },
    {
      "mode": "data",
      "type": "vsphere_resource_pool",
      "name": "resource_pool",
      "provider": "provider[\"openshift/local/vsphere\"]",
      "instances": [
        {
          "index_key": 0,
          "schema_version": 0,
          "attributes": {
            "datacenter_id": null,
            "id": "resgroup-41",
            "name": "/SHB Finance DC/host/HA-Cluster1//Resources"
          },
          "sensitive_attributes": []
        },
        {
          "index_key": 1,
          "schema_version": 0,
          "attributes": {
            "datacenter_id": null,
            "id": "resgroup-41",
            "name": "/SHB Finance DC/host/HA-Cluster1//Resources"
          },
          "sensitive_attributes": []
        },
        {
          "index_key": 2,
          "schema_version": 0,
          "attributes": {
            "datacenter_id": null,
            "id": "resgroup-41",
            "name": "/SHB Finance DC/host/HA-Cluster1//Resources"
          },
          "sensitive_attributes": []
        }
      ]
    },
    {
      "mode": "managed",
      "type": "vsphere_virtual_machine",
      "name": "vm_master",
      "provider": "provider[\"openshift/local/vsphere\"]",
      "instances": [
        {
          "index_key": 0,
          "schema_version": 3,
          "attributes": {
            "alternate_guest_name": "",
            "annotation": "Created By OpenShift Installer",
            "boot_delay": 0,
            "boot_retry_delay": 10000,
            "boot_retry_enabled": false,
            "cdrom": [],
            "change_version": "2024-03-01T05:46:12.640127Z",
            "clone": [
              {
                "customize": [],
                "linked_clone": false,
                "ovf_network_map": null,
                "ovf_storage_map": null,
                "template_uuid": "421a33dd-79b5-06ff-b048-6c4ccbd9b2aa",
                "timeout": 30
              }
            ],
            "cpu_hot_add_enabled": false,
            "cpu_hot_remove_enabled": false,
            "cpu_limit": -1,
            "cpu_performance_counters_enabled": false,
            "cpu_reservation": 0,
            "cpu_share_count": 8000,
            "cpu_share_level": "normal",
            "custom_attributes": null,
            "datacenter_id": null,
            "datastore_cluster_id": null,
            "datastore_id": "datastore-91579",
            "default_ip_address": null,
            "disk": [
              {
                "attach": false,
                "controller_type": "scsi",
                "datastore_id": "datastore-91579",
                "device_address": "scsi:0:0",
                "disk_mode": "persistent",
                "disk_sharing": "sharingNone",
                "eagerly_scrub": false,
                "io_limit": -1,
                "io_reservation": 0,
                "io_share_count": 1000,
                "io_share_level": "normal",
                "keep_on_remove": false,
                "key": 2000,
                "label": "disk0",
                "path": "ocp-prod01-fbnvt-master-0/ocp-prod01-fbnvt-master-0.vmdk",
                "size": 200,
                "storage_policy_id": "",
                "thin_provisioned": false,
                "unit_number": 0,
                "uuid": "6000C290-790b-b812-da14-372626ac0713",
                "write_through": false
              }
            ],
            "efi_secure_boot_enabled": false,
            "enable_disk_uuid": true,
            "enable_logging": false,
            "ept_rvi_mode": "automatic",
            "extra_config": {
              "guestinfo.hostname": "ocp-prod01-fbnvt-master-0",
              "guestinfo.ignition.config.data": "eyJpZ25pdGlvbiI6eyJjb25maWciOnsibWVyZ2UiOlt7InNvdXJjZSI6Imh0dHBzOi8vMTAuMC42NS43OjIyNjIzL2NvbmZpZy9tYXN0ZXIifV19LCJzZWN1cml0eSI6eyJ0bHMiOnsiY2VydGlmaWNhdGVBdXRob3JpdGllcyI6W3sic291cmNlIjoiZGF0YTp0ZXh0L3BsYWluO2NoYXJzZXQ9dXRmLTg7YmFzZTY0LExTMHRMUzFDUlVkSlRpQkRSVkpVU1VaSlEwRlVSUzB0TFMwdENrMUpTVVJGUkVORFFXWnBaMEYzU1VKQlowbEpRbm80TXpSb0wxQTFlbGwzUkZGWlNrdHZXa2xvZG1OT1FWRkZURUpSUVhkS2FrVlRUVUpCUjBFeFZVVUtRM2hOU21JelFteGliazV2WVZkYU1FMVNRWGRFWjFsRVZsRlJSRVYzWkhsaU1qa3dURmRPYUUxQ05GaEVWRWt3VFVSTmQwMVVRVEZOZWsxNVRrWnZXQXBFVkUwd1RVUkplVTU2UVRGTmVrMTVUa1p2ZDBwcVJWTk5Ra0ZIUVRGVlJVTjRUVXBpTTBKc1ltNU9iMkZYV2pCTlVrRjNSR2RaUkZaUlVVUkZkMlI1Q21JeU9UQk1WMDVvVFVsSlFrbHFRVTVDWjJ0eGFHdHBSemwzTUVKQlVVVkdRVUZQUTBGUk9FRk5TVWxDUTJkTFEwRlJSVUZzU1dwbWFXZHZWbEV5VFRRS01IWkhaRlZwVDJoQlMwRnplVzVxVjFkRkswbG9UMVpxZG1oeFpFSmhhbkJhUjAxTk4zSjFiVEJKUjFwbVNVTnVhMmcwVFdwSlZFOTBjQ3RTZERGcmFncHpSVXcwYkVSTlVIYzVTbEpQYTJGalFWRlJaRVowV0ZocVdtZzBXVlpvZG1veGQwNDRUbkF2WkdscWNWQkplV2xqVlRoSlNWcFZkREJTTW1nNWJtcHNDakZYWm5ZMFZVeEJjWE4zWlRGd04xRk1kRUpLZERFeFkyUnJORmQ2YUhacFkyTmxjSFYxYzJ4Rk1XRlNLMjVFV0Vvd2JEbEtUazh4ZVhKaFdVcENTVUlLTTFsT2JpOVROa0YzYWtwS1FqQmhTVVY0VlRjd2FYQm9aMmhqY0hCNU9GTXdjbUU0TlZKRE1UUTJZMk5QZW5Gc1Z6RnlhbFYzVVd4SU4xTmpja3hDWmdwa1IxaFJPVTFpVlhKTVVrRTBkMW8wUTFremMyeDNaSGxZVVU5Sk0ycDNhemxqUjBSUmVuUkJlVzVSWWxGdldsVndjVGh0UkdwRVdqbE5XVFY2YmtjM0NuVkZaV3hyTWxCeWJuZEpSRUZSUVVKdk1FbDNVVVJCVDBKblRsWklVVGhDUVdZNFJVSkJUVU5CY1ZGM1JIZFpSRlpTTUZSQlVVZ3ZRa0ZWZDBGM1JVSUtMM3BCWkVKblRsWklVVFJGUm1kUlZVVlJVbkZKZW1SNFFYWjROalpsVFROd1JXWTVUa3BZU1ZSMFdYZEVVVmxLUzI5YVNXaDJZMDVCVVVWTVFsRkJSQXBuWjBWQ1FVTnpOV2hCYW05YVNEVktXRzFvUlVvME5rd3pPR1I2TjNGVE55OTFXREo2VUhwemJtVmllbkpsYWxoWlVrWTJWRmhWVVVWWVIzcEhiVlkzQ2l0MGVHMXljbVJWVnpCRGNtVnRPVWRGT1dOdFRsRnpVWGxrZWpOQ1dTczRTWFV4UzJSdWQwWjFZa2RLTDFwREsyMDBiSGRIVVVabEwzQnVOa2x6Y1dVS1luTjBVV281TDBzMk4wbHlObFIyY1doTVEzRkJPR1l6YW5rclRWaHNVMnhSTTJ4QmIyTjZTbFZ6VGxCWWFYbFFVMDlwZDJjNU1VUTFZMk5WTVVVdldnb3hVSFpLWnpJeEsyTmpVRnBxU0dKNFdWbE9URlEzWVVobFVtTmlUaThyVFZaaGNUQkZOVTlvTldsVFVrdzNMekJxWkhkWllqUlRlbEpaYzNNMWJtUXpDbFphVGtKQ2VXZFVUSGwxZEhoSWVFbEdNbGhQUzBadVkyeGFWbkZMZEZOTVVVdDRaR1p0TDNsUk5EQndNMlJQVFdGcWJtbDNVMVZvY2paWWVXbDBaM0VLTmpjMGRWUndPVmN3WjNSeVRUUlJVa1UxYkUxRlozUTVVa3cwUFFvdExTMHRMVVZPUkNCRFJWSlVTVVpKUTBGVVJTMHRMUzB0Q2c9PSJ9XX19LCJ2ZXJzaW9uIjoiMy4yLjAifX0=",
              "guestinfo.ignition.config.data.encoding": "base64",
              "stealclock.enable": "TRUE"
            },
            "extra_config_reboot_required": true,
            "firmware": "efi",
            "folder": "ocp-prod01-fbnvt",
            "force_power_off": true,
            "guest_id": "rhel8_64Guest",
            "guest_ip_addresses": [],
            "hardware_version": 15,
            "host_system_id": "host-544",
            "hv_mode": "hvAuto",
            "id": "421afdef-4210-a5e2-3a1e-a1c7ed9a3565",
            "ide_controller_count": 2,
            "ignored_guest_ips": null,
            "imported": null,
            "latency_sensitivity": "normal",
            "memory": 16384,
            "memory_hot_add_enabled": false,
            "memory_limit": -1,
            "memory_reservation": 0,
            "memory_share_count": 163840,
            "memory_share_level": "normal",
            "migrate_wait_timeout": 30,
            "moid": "vm-91724",
            "name": "ocp-prod01-fbnvt-master-0",
            "nested_hv_enabled": false,
            "network_interface": [
              {
                "adapter_type": "vmxnet3",
                "bandwidth_limit": -1,
                "bandwidth_reservation": 0,
                "bandwidth_share_count": 50,
                "bandwidth_share_level": "normal",
                "device_address": "pci:0:7",
                "key": 4000,
                "mac_address": "00:50:56:9a:21:65",
                "network_id": "network-91240",
                "ovf_mapping": "",
                "use_static_mac": false
              }
            ],
            "num_cores_per_socket": 2,
            "num_cpus": 8,
            "ovf_deploy": [],
            "pci_device_id": null,
            "power_state": "on",
            "poweron_timeout": 300,
            "reboot_required": false,
            "replace_trigger": null,
            "resource_pool_id": "resgroup-41",
            "run_tools_scripts_after_power_on": true,
            "run_tools_scripts_after_resume": true,
            "run_tools_scripts_before_guest_reboot": false,
            "run_tools_scripts_before_guest_shutdown": true,
            "run_tools_scripts_before_guest_standby": true,
            "sata_controller_count": 0,
            "scsi_bus_sharing": "noSharing",
            "scsi_controller_count": 1,
            "scsi_type": "pvscsi",
            "shutdown_wait_timeout": 3,
            "storage_policy_id": "",
            "swap_placement_policy": "inherit",
            "sync_time_with_host": false,
            "sync_time_with_host_periodically": false,
            "tags": [
              "urn:vmomi:InventoryServiceTag:cb48da9b-a9bc-417c-a52c-9d8550b81788:GLOBAL"
            ],
            "tools_upgrade_policy": "manual",
            "uuid": "421afdef-4210-a5e2-3a1e-a1c7ed9a3565",
            "vapp": [],
            "vapp_transport": [
              "com.vmware.guestInfo"
            ],
            "vbs_enabled": false,
            "vmware_tools_status": "guestToolsNotRunning",
            "vmx_path": "ocp-prod01-fbnvt-master-0/ocp-prod01-fbnvt-master-0.vmx",
            "vvtd_enabled": false,
            "wait_for_guest_ip_timeout": 0,
            "wait_for_guest_net_routable": false,
            "wait_for_guest_net_timeout": 0
          },
          "sensitive_attributes": [
            [
              {
                "type": "get_attr",
                "value": "extra_config"
              },
              {
                "type": "index",
                "value": {
                  "value": "guestinfo.ignition.config.data",
                  "type": "string"
                }
              }
            ]
          ],
          "private": "eyJzY2hlbWFfdmVyc2lvbiI6IjMifQ==",
          "dependencies": [
            "data.vsphere_datastore.datastore",
            "data.vsphere_resource_pool.resource_pool"
          ]
        },
        {
          "index_key": 1,
          "schema_version": 3,
          "attributes": {
            "alternate_guest_name": "",
            "annotation": "Created By OpenShift Installer",
            "boot_delay": 0,
            "boot_retry_delay": 10000,
            "boot_retry_enabled": false,
            "cdrom": [],
            "change_version": "2024-03-01T05:46:13.085251Z",
            "clone": [
              {
                "customize": [],
                "linked_clone": false,
                "ovf_network_map": null,
                "ovf_storage_map": null,
                "template_uuid": "421a33dd-79b5-06ff-b048-6c4ccbd9b2aa",
                "timeout": 30
              }
            ],
            "cpu_hot_add_enabled": false,
            "cpu_hot_remove_enabled": false,
            "cpu_limit": -1,
            "cpu_performance_counters_enabled": false,
            "cpu_reservation": 0,
            "cpu_share_count": 8000,
            "cpu_share_level": "normal",
            "custom_attributes": null,
            "datacenter_id": null,
            "datastore_cluster_id": null,
            "datastore_id": "datastore-91579",
            "default_ip_address": null,
            "disk": [
              {
                "attach": false,
                "controller_type": "scsi",
                "datastore_id": "datastore-91579",
                "device_address": "scsi:0:0",
                "disk_mode": "persistent",
                "disk_sharing": "sharingNone",
                "eagerly_scrub": false,
                "io_limit": -1,
                "io_reservation": 0,
                "io_share_count": 1000,
                "io_share_level": "normal",
                "keep_on_remove": false,
                "key": 2000,
                "label": "disk0",
                "path": "ocp-prod01-fbnvt-master-1/ocp-prod01-fbnvt-master-1.vmdk",
                "size": 200,
                "storage_policy_id": "",
                "thin_provisioned": false,
                "unit_number": 0,
                "uuid": "6000C292-068e-7cc1-6f97-a20215952c64",
                "write_through": false
              }
            ],
            "efi_secure_boot_enabled": false,
            "enable_disk_uuid": true,
            "enable_logging": false,
            "ept_rvi_mode": "automatic",
            "extra_config": {
              "guestinfo.hostname": "ocp-prod01-fbnvt-master-1",
              "guestinfo.ignition.config.data": "eyJpZ25pdGlvbiI6eyJjb25maWciOnsibWVyZ2UiOlt7InNvdXJjZSI6Imh0dHBzOi8vMTAuMC42NS43OjIyNjIzL2NvbmZpZy9tYXN0ZXIifV19LCJzZWN1cml0eSI6eyJ0bHMiOnsiY2VydGlmaWNhdGVBdXRob3JpdGllcyI6W3sic291cmNlIjoiZGF0YTp0ZXh0L3BsYWluO2NoYXJzZXQ9dXRmLTg7YmFzZTY0LExTMHRMUzFDUlVkSlRpQkRSVkpVU1VaSlEwRlVSUzB0TFMwdENrMUpTVVJGUkVORFFXWnBaMEYzU1VKQlowbEpRbm80TXpSb0wxQTFlbGwzUkZGWlNrdHZXa2xvZG1OT1FWRkZURUpSUVhkS2FrVlRUVUpCUjBFeFZVVUtRM2hOU21JelFteGliazV2WVZkYU1FMVNRWGRFWjFsRVZsRlJSRVYzWkhsaU1qa3dURmRPYUUxQ05GaEVWRWt3VFVSTmQwMVVRVEZOZWsxNVRrWnZXQXBFVkUwd1RVUkplVTU2UVRGTmVrMTVUa1p2ZDBwcVJWTk5Ra0ZIUVRGVlJVTjRUVXBpTTBKc1ltNU9iMkZYV2pCTlVrRjNSR2RaUkZaUlVVUkZkMlI1Q21JeU9UQk1WMDVvVFVsSlFrbHFRVTVDWjJ0eGFHdHBSemwzTUVKQlVVVkdRVUZQUTBGUk9FRk5TVWxDUTJkTFEwRlJSVUZzU1dwbWFXZHZWbEV5VFRRS01IWkhaRlZwVDJoQlMwRnplVzVxVjFkRkswbG9UMVpxZG1oeFpFSmhhbkJhUjAxTk4zSjFiVEJKUjFwbVNVTnVhMmcwVFdwSlZFOTBjQ3RTZERGcmFncHpSVXcwYkVSTlVIYzVTbEpQYTJGalFWRlJaRVowV0ZocVdtZzBXVlpvZG1veGQwNDRUbkF2WkdscWNWQkplV2xqVlRoSlNWcFZkREJTTW1nNWJtcHNDakZYWm5ZMFZVeEJjWE4zWlRGd04xRk1kRUpLZERFeFkyUnJORmQ2YUhacFkyTmxjSFYxYzJ4Rk1XRlNLMjVFV0Vvd2JEbEtUazh4ZVhKaFdVcENTVUlLTTFsT2JpOVROa0YzYWtwS1FqQmhTVVY0VlRjd2FYQm9aMmhqY0hCNU9GTXdjbUU0TlZKRE1UUTJZMk5QZW5Gc1Z6RnlhbFYzVVd4SU4xTmpja3hDWmdwa1IxaFJPVTFpVlhKTVVrRTBkMW8wUTFremMyeDNaSGxZVVU5Sk0ycDNhemxqUjBSUmVuUkJlVzVSWWxGdldsVndjVGh0UkdwRVdqbE5XVFY2YmtjM0NuVkZaV3hyTWxCeWJuZEpSRUZSUVVKdk1FbDNVVVJCVDBKblRsWklVVGhDUVdZNFJVSkJUVU5CY1ZGM1JIZFpSRlpTTUZSQlVVZ3ZRa0ZWZDBGM1JVSUtMM3BCWkVKblRsWklVVFJGUm1kUlZVVlJVbkZKZW1SNFFYWjROalpsVFROd1JXWTVUa3BZU1ZSMFdYZEVVVmxLUzI5YVNXaDJZMDVCVVVWTVFsRkJSQXBuWjBWQ1FVTnpOV2hCYW05YVNEVktXRzFvUlVvME5rd3pPR1I2TjNGVE55OTFXREo2VUhwemJtVmllbkpsYWxoWlVrWTJWRmhWVVVWWVIzcEhiVlkzQ2l0MGVHMXljbVJWVnpCRGNtVnRPVWRGT1dOdFRsRnpVWGxrZWpOQ1dTczRTWFV4UzJSdWQwWjFZa2RLTDFwREsyMDBiSGRIVVVabEwzQnVOa2x6Y1dVS1luTjBVV281TDBzMk4wbHlObFIyY1doTVEzRkJPR1l6YW5rclRWaHNVMnhSTTJ4QmIyTjZTbFZ6VGxCWWFYbFFVMDlwZDJjNU1VUTFZMk5WTVVVdldnb3hVSFpLWnpJeEsyTmpVRnBxU0dKNFdWbE9URlEzWVVobFVtTmlUaThyVFZaaGNUQkZOVTlvTldsVFVrdzNMekJxWkhkWllqUlRlbEpaYzNNMWJtUXpDbFphVGtKQ2VXZFVUSGwxZEhoSWVFbEdNbGhQUzBadVkyeGFWbkZMZEZOTVVVdDRaR1p0TDNsUk5EQndNMlJQVFdGcWJtbDNVMVZvY2paWWVXbDBaM0VLTmpjMGRWUndPVmN3WjNSeVRUUlJVa1UxYkUxRlozUTVVa3cwUFFvdExTMHRMVVZPUkNCRFJWSlVTVVpKUTBGVVJTMHRMUzB0Q2c9PSJ9XX19LCJ2ZXJzaW9uIjoiMy4yLjAifX0=",
              "guestinfo.ignition.config.data.encoding": "base64",
              "stealclock.enable": "TRUE"
            },
            "extra_config_reboot_required": true,
            "firmware": "efi",
            "folder": "ocp-prod01-fbnvt",
            "force_power_off": true,
            "guest_id": "rhel8_64Guest",
            "guest_ip_addresses": [],
            "hardware_version": 15,
            "host_system_id": "host-45",
            "hv_mode": "hvAuto",
            "id": "421a17f3-07f6-f26f-91e1-08fb6ae82993",
            "ide_controller_count": 2,
            "ignored_guest_ips": null,
            "imported": null,
            "latency_sensitivity": "normal",
            "memory": 16384,
            "memory_hot_add_enabled": false,
            "memory_limit": -1,
            "memory_reservation": 0,
            "memory_share_count": 163840,
            "memory_share_level": "normal",
            "migrate_wait_timeout": 30,
            "moid": "vm-91723",
            "name": "ocp-prod01-fbnvt-master-1",
            "nested_hv_enabled": false,
            "network_interface": [
              {
                "adapter_type": "vmxnet3",
                "bandwidth_limit": -1,
                "bandwidth_reservation": 0,
                "bandwidth_share_count": 50,
                "bandwidth_share_level": "normal",
                "device_address": "pci:0:7",
                "key": 4000,
                "mac_address": "00:50:56:9a:00:96",
                "network_id": "network-91240",
                "ovf_mapping": "",
                "use_static_mac": false
              }
            ],
            "num_cores_per_socket": 2,
            "num_cpus": 8,
            "ovf_deploy": [],
            "pci_device_id": null,
            "power_state": "on",
            "poweron_timeout": 300,
            "reboot_required": false,
            "replace_trigger": null,
            "resource_pool_id": "resgroup-41",
            "run_tools_scripts_after_power_on": true,
            "run_tools_scripts_after_resume": true,
            "run_tools_scripts_before_guest_reboot": false,
            "run_tools_scripts_before_guest_shutdown": true,
            "run_tools_scripts_before_guest_standby": true,
            "sata_controller_count": 0,
            "scsi_bus_sharing": "noSharing",
            "scsi_controller_count": 1,
            "scsi_type": "pvscsi",
            "shutdown_wait_timeout": 3,
            "storage_policy_id": "",
            "swap_placement_policy": "inherit",
            "sync_time_with_host": false,
            "sync_time_with_host_periodically": false,
            "tags": [
              "urn:vmomi:InventoryServiceTag:cb48da9b-a9bc-417c-a52c-9d8550b81788:GLOBAL"
            ],
            "tools_upgrade_policy": "manual",
            "uuid": "421a17f3-07f6-f26f-91e1-08fb6ae82993",
            "vapp": [],
            "vapp_transport": [
              "com.vmware.guestInfo"
            ],
            "vbs_enabled": false,
            "vmware_tools_status": "guestToolsNotRunning",
            "vmx_path": "ocp-prod01-fbnvt-master-1/ocp-prod01-fbnvt-master-1.vmx",
            "vvtd_enabled": false,
            "wait_for_guest_ip_timeout": 0,
            "wait_for_guest_net_routable": false,
            "wait_for_guest_net_timeout": 0
          },
          "sensitive_attributes": [
            [
              {
                "type": "get_attr",
                "value": "extra_config"
              },
              {
                "type": "index",
                "value": {
                  "value": "guestinfo.ignition.config.data",
                  "type": "string"
                }
              }
            ]
          ],
          "private": "eyJzY2hlbWFfdmVyc2lvbiI6IjMifQ==",
          "dependencies": [
            "data.vsphere_datastore.datastore",
            "data.vsphere_resource_pool.resource_pool"
          ]
        },
        {
          "index_key": 2,
          "schema_version": 3,
          "attributes": {
            "alternate_guest_name": "",
            "annotation": "Created By OpenShift Installer",
            "boot_delay": 0,
            "boot_retry_delay": 10000,
            "boot_retry_enabled": false,
            "cdrom": [],
            "change_version": "2024-03-01T05:46:13.195453Z",
            "clone": [
              {
                "customize": [],
                "linked_clone": false,
                "ovf_network_map": null,
                "ovf_storage_map": null,
                "template_uuid": "421a33dd-79b5-06ff-b048-6c4ccbd9b2aa",
                "timeout": 30
              }
            ],
            "cpu_hot_add_enabled": false,
            "cpu_hot_remove_enabled": false,
            "cpu_limit": -1,
            "cpu_performance_counters_enabled": false,
            "cpu_reservation": 0,
            "cpu_share_count": 8000,
            "cpu_share_level": "normal",
            "custom_attributes": null,
            "datacenter_id": null,
            "datastore_cluster_id": null,
            "datastore_id": "datastore-91579",
            "default_ip_address": null,
            "disk": [
              {
                "attach": false,
                "controller_type": "scsi",
                "datastore_id": "datastore-91579",
                "device_address": "scsi:0:0",
                "disk_mode": "persistent",
                "disk_sharing": "sharingNone",
                "eagerly_scrub": false,
                "io_limit": -1,
                "io_reservation": 0,
                "io_share_count": 1000,
                "io_share_level": "normal",
                "keep_on_remove": false,
                "key": 2000,
                "label": "disk0",
                "path": "ocp-prod01-fbnvt-master-2/ocp-prod01-fbnvt-master-2.vmdk",
                "size": 200,
                "storage_policy_id": "",
                "thin_provisioned": false,
                "unit_number": 0,
                "uuid": "6000C293-cada-0795-f7d1-a261d354675e",
                "write_through": false
              }
            ],
            "efi_secure_boot_enabled": false,
            "enable_disk_uuid": true,
            "enable_logging": false,
            "ept_rvi_mode": "automatic",
            "extra_config": {
              "guestinfo.hostname": "ocp-prod01-fbnvt-master-2",
              "guestinfo.ignition.config.data": "eyJpZ25pdGlvbiI6eyJjb25maWciOnsibWVyZ2UiOlt7InNvdXJjZSI6Imh0dHBzOi8vMTAuMC42NS43OjIyNjIzL2NvbmZpZy9tYXN0ZXIifV19LCJzZWN1cml0eSI6eyJ0bHMiOnsiY2VydGlmaWNhdGVBdXRob3JpdGllcyI6W3sic291cmNlIjoiZGF0YTp0ZXh0L3BsYWluO2NoYXJzZXQ9dXRmLTg7YmFzZTY0LExTMHRMUzFDUlVkSlRpQkRSVkpVU1VaSlEwRlVSUzB0TFMwdENrMUpTVVJGUkVORFFXWnBaMEYzU1VKQlowbEpRbm80TXpSb0wxQTFlbGwzUkZGWlNrdHZXa2xvZG1OT1FWRkZURUpSUVhkS2FrVlRUVUpCUjBFeFZVVUtRM2hOU21JelFteGliazV2WVZkYU1FMVNRWGRFWjFsRVZsRlJSRVYzWkhsaU1qa3dURmRPYUUxQ05GaEVWRWt3VFVSTmQwMVVRVEZOZWsxNVRrWnZXQXBFVkUwd1RVUkplVTU2UVRGTmVrMTVUa1p2ZDBwcVJWTk5Ra0ZIUVRGVlJVTjRUVXBpTTBKc1ltNU9iMkZYV2pCTlVrRjNSR2RaUkZaUlVVUkZkMlI1Q21JeU9UQk1WMDVvVFVsSlFrbHFRVTVDWjJ0eGFHdHBSemwzTUVKQlVVVkdRVUZQUTBGUk9FRk5TVWxDUTJkTFEwRlJSVUZzU1dwbWFXZHZWbEV5VFRRS01IWkhaRlZwVDJoQlMwRnplVzVxVjFkRkswbG9UMVpxZG1oeFpFSmhhbkJhUjAxTk4zSjFiVEJKUjFwbVNVTnVhMmcwVFdwSlZFOTBjQ3RTZERGcmFncHpSVXcwYkVSTlVIYzVTbEpQYTJGalFWRlJaRVowV0ZocVdtZzBXVlpvZG1veGQwNDRUbkF2WkdscWNWQkplV2xqVlRoSlNWcFZkREJTTW1nNWJtcHNDakZYWm5ZMFZVeEJjWE4zWlRGd04xRk1kRUpLZERFeFkyUnJORmQ2YUhacFkyTmxjSFYxYzJ4Rk1XRlNLMjVFV0Vvd2JEbEtUazh4ZVhKaFdVcENTVUlLTTFsT2JpOVROa0YzYWtwS1FqQmhTVVY0VlRjd2FYQm9aMmhqY0hCNU9GTXdjbUU0TlZKRE1UUTJZMk5QZW5Gc1Z6RnlhbFYzVVd4SU4xTmpja3hDWmdwa1IxaFJPVTFpVlhKTVVrRTBkMW8wUTFremMyeDNaSGxZVVU5Sk0ycDNhemxqUjBSUmVuUkJlVzVSWWxGdldsVndjVGh0UkdwRVdqbE5XVFY2YmtjM0NuVkZaV3hyTWxCeWJuZEpSRUZSUVVKdk1FbDNVVVJCVDBKblRsWklVVGhDUVdZNFJVSkJUVU5CY1ZGM1JIZFpSRlpTTUZSQlVVZ3ZRa0ZWZDBGM1JVSUtMM3BCWkVKblRsWklVVFJGUm1kUlZVVlJVbkZKZW1SNFFYWjROalpsVFROd1JXWTVUa3BZU1ZSMFdYZEVVVmxLUzI5YVNXaDJZMDVCVVVWTVFsRkJSQXBuWjBWQ1FVTnpOV2hCYW05YVNEVktXRzFvUlVvME5rd3pPR1I2TjNGVE55OTFXREo2VUhwemJtVmllbkpsYWxoWlVrWTJWRmhWVVVWWVIzcEhiVlkzQ2l0MGVHMXljbVJWVnpCRGNtVnRPVWRGT1dOdFRsRnpVWGxrZWpOQ1dTczRTWFV4UzJSdWQwWjFZa2RLTDFwREsyMDBiSGRIVVVabEwzQnVOa2x6Y1dVS1luTjBVV281TDBzMk4wbHlObFIyY1doTVEzRkJPR1l6YW5rclRWaHNVMnhSTTJ4QmIyTjZTbFZ6VGxCWWFYbFFVMDlwZDJjNU1VUTFZMk5WTVVVdldnb3hVSFpLWnpJeEsyTmpVRnBxU0dKNFdWbE9URlEzWVVobFVtTmlUaThyVFZaaGNUQkZOVTlvTldsVFVrdzNMekJxWkhkWllqUlRlbEpaYzNNMWJtUXpDbFphVGtKQ2VXZFVUSGwxZEhoSWVFbEdNbGhQUzBadVkyeGFWbkZMZEZOTVVVdDRaR1p0TDNsUk5EQndNMlJQVFdGcWJtbDNVMVZvY2paWWVXbDBaM0VLTmpjMGRWUndPVmN3WjNSeVRUUlJVa1UxYkUxRlozUTVVa3cwUFFvdExTMHRMVVZPUkNCRFJWSlVTVVpKUTBGVVJTMHRMUzB0Q2c9PSJ9XX19LCJ2ZXJzaW9uIjoiMy4yLjAifX0=",
              "guestinfo.ignition.config.data.encoding": "base64",
              "stealclock.enable": "TRUE"
            },
            "extra_config_reboot_required": true,
            "firmware": "efi",
            "folder": "ocp-prod01-fbnvt",
            "force_power_off": true,
            "guest_id": "rhel8_64Guest",
            "guest_ip_addresses": [],
            "hardware_version": 15,
            "host_system_id": "host-45",
            "hv_mode": "hvAuto",
            "id": "421a38ed-0858-9f8c-5494-3aa277ddf3a6",
            "ide_controller_count": 2,
            "ignored_guest_ips": null,
            "imported": null,
            "latency_sensitivity": "normal",
            "memory": 16384,
            "memory_hot_add_enabled": false,
            "memory_limit": -1,
            "memory_reservation": 0,
            "memory_share_count": 163840,
            "memory_share_level": "normal",
            "migrate_wait_timeout": 30,
            "moid": "vm-91722",
            "name": "ocp-prod01-fbnvt-master-2",
            "nested_hv_enabled": false,
            "network_interface": [
              {
                "adapter_type": "vmxnet3",
                "bandwidth_limit": -1,
                "bandwidth_reservation": 0,
                "bandwidth_share_count": 50,
                "bandwidth_share_level": "normal",
                "device_address": "pci:0:7",
                "key": 4000,
                "mac_address": "00:50:56:9a:a5:49",
                "network_id": "network-91240",
                "ovf_mapping": "",
                "use_static_mac": false
              }
            ],
            "num_cores_per_socket": 2,
            "num_cpus": 8,
            "ovf_deploy": [],
            "pci_device_id": null,
            "power_state": "on",
            "poweron_timeout": 300,
            "reboot_required": false,
            "replace_trigger": null,
            "resource_pool_id": "resgroup-41",
            "run_tools_scripts_after_power_on": true,
            "run_tools_scripts_after_resume": true,
            "run_tools_scripts_before_guest_reboot": false,
            "run_tools_scripts_before_guest_shutdown": true,
            "run_tools_scripts_before_guest_standby": true,
            "sata_controller_count": 0,
            "scsi_bus_sharing": "noSharing",
            "scsi_controller_count": 1,
            "scsi_type": "pvscsi",
            "shutdown_wait_timeout": 3,
            "storage_policy_id": "",
            "swap_placement_policy": "inherit",
            "sync_time_with_host": false,
            "sync_time_with_host_periodically": false,
            "tags": [
              "urn:vmomi:InventoryServiceTag:cb48da9b-a9bc-417c-a52c-9d8550b81788:GLOBAL"
            ],
            "tools_upgrade_policy": "manual",
            "uuid": "421a38ed-0858-9f8c-5494-3aa277ddf3a6",
            "vapp": [],
            "vapp_transport": [
              "com.vmware.guestInfo"
            ],
            "vbs_enabled": false,
            "vmware_tools_status": "guestToolsNotRunning",
            "vmx_path": "ocp-prod01-fbnvt-master-2/ocp-prod01-fbnvt-master-2.vmx",
            "vvtd_enabled": false,
            "wait_for_guest_ip_timeout": 0,
            "wait_for_guest_net_routable": false,
            "wait_for_guest_net_timeout": 0
          },
          "sensitive_attributes": [
            [
              {
                "type": "get_attr",
                "value": "extra_config"
              },
              {
                "type": "index",
                "value": {
                  "value": "guestinfo.ignition.config.data",
                  "type": "string"
                }
              }
            ]
          ],
          "private": "eyJzY2hlbWFfdmVyc2lvbiI6IjMifQ==",
          "dependencies": [
            "data.vsphere_datastore.datastore",
            "data.vsphere_resource_pool.resource_pool"
          ]
        }
      ]
    }
  ]
}
